// !$*UTF8*$!
{
	archiveVersion = 1;
	classes = {
	};
	objectVersion = 77;
	objects = {

/* Begin PBXContainerItemProxy section */
		680F405A2DEBFE8B009F6517 /* PBXContainerItemProxy */ = {
			isa = PBXContainerItemProxy;
			containerPortal = 680F403B2DEBFE8A009F6517 /* Project object */;
			proxyType = 1;
			remoteGlobalIDString = 680F40422DEBFE8A009F6517;
			remoteInfo = EndgameGlobalChallenge;
		};
		680F40642DEBFE8B009F6517 /* PBXContainerItemProxy */ = {
			isa = PBXContainerItemProxy;
			containerPortal = 680F403B2DEBFE8A009F6517 /* Project object */;
			proxyType = 1;
			remoteGlobalIDString = 680F40422DEBFE8A009F6517;
			remoteInfo = EndgameGlobalChallenge;
		};
/* End PBXContainerItemProxy section */

/* Begin PBXFileReference section */
		680F40432DEBFE8A009F6517 /* EndgameGlobalChallenge.app */ = {isa = PBXFileReference; explicitFileType = wrapper.application; includeInIndex = 0; path = EndgameGlobalChallenge.app; sourceTree = BUILT_PRODUCTS_DIR; };
		680F40592DEBFE8B009F6517 /* EndgameGlobalChallengeTests.xctest */ = {isa = PBXFileReference; explicitFileType = wrapper.cfbundle; includeInIndex = 0; path = EndgameGlobalChallengeTests.xctest; sourceTree = BUILT_PRODUCTS_DIR; };
		680F40632DEBFE8B009F6517 /* EndgameGlobalChallengeUITests.xctest */ = {isa = PBXFileReference; explicitFileType = wrapper.cfbundle; includeInIndex = 0; path = EndgameGlobalChallengeUITests.xctest; sourceTree = BUILT_PRODUCTS_DIR; };
/* End PBXFileReference section */

/* Begin PBXFileSystemSynchronizedBuildFileExceptionSet section */
		680F406B2DEBFE8B009F6517 /* Exceptions for "EndgameGlobalChallenge" folder in "EndgameGlobalChallenge" target */ = {
			isa = PBXFileSystemSynchronizedBuildFileExceptionSet;
			membershipExceptions = (
				Info.plist,
			);
			target = 680F40422DEBFE8A009F6517 /* EndgameGlobalChallenge */;
		};
/* End PBXFileSystemSynchronizedBuildFileExceptionSet section */

/* Begin PBXFileSystemSynchronizedRootGroup section */
		680F40452DEBFE8A009F6517 /* EndgameGlobalChallenge */ = {
			isa = PBXFileSystemSynchronizedRootGroup;
			exceptions = (
				680F406B2DEBFE8B009F6517 /* Exceptions for "EndgameGlobalChallenge" folder in "EndgameGlobalChallenge" target */,
			);
			path = EndgameGlobalChallenge;
			sourceTree = "<group>";
		};
		680F405C2DEBFE8B009F6517 /* EndgameGlobalChallengeTests */ = {
			isa = PBXFileSystemSynchronizedRootGroup;
			path = EndgameGlobalChallengeTests;
			sourceTree = "<group>";
		};
		680F40662DEBFE8B009F6517 /* EndgameGlobalChallengeUITests */ = {
			isa = PBXFileSystemSynchronizedRootGroup;
			path = EndgameGlobalChallengeUITests;
			sourceTree = "<group>";
		};
/* End PBXFileSystemSynchronizedRootGroup section */

/* Begin PBXFrameworksBuildPhase section */
		680F40402DEBFE8A009F6517 /* Frameworks */ = {
			isa = PBXFrameworksBuildPhase;
			buildActionMask = 2147483647;
			files = (
			);
			runOnlyForDeploymentPostprocessing = 0;
		};
		680F40562DEBFE8B009F6517 /* Frameworks */ = {
			isa = PBXFrameworksBuildPhase;
			buildActionMask = 2147483647;
			files = (
			);
			runOnlyForDeploymentPostprocessing = 0;
		};
		680F40602DEBFE8B009F6517 /* Frameworks */ = {
			isa = PBXFrameworksBuildPhase;
			buildActionMask = 2147483647;
			files = (
			);
			runOnlyForDeploymentPostprocessing = 0;
		};
/* End PBXFrameworksBuildPhase section */

/* Begin PBXGroup section */
		680F403A2DEBFE8A009F6517 = {
			isa = PBXGroup;
			children = (
				680F40452DEBFE8A009F6517 /* EndgameGlobalChallenge */,
				680F405C2DEBFE8B009F6517 /* EndgameGlobalChallengeTests */,
				680F40662DEBFE8B009F6517 /* EndgameGlobalChallengeUITests */,
				680F40442DEBFE8A009F6517 /* Products */,
			);
			sourceTree = "<group>";
		};
		680F40442DEBFE8A009F6517 /* Products */ = {
			isa = PBXGroup;
			children = (
				680F40432DEBFE8A009F6517 /* EndgameGlobalChallenge.app */,
				680F40592DEBFE8B009F6517 /* EndgameGlobalChallengeTests.xctest */,
				680F40632DEBFE8B009F6517 /* EndgameGlobalChallengeUITests.xctest */,
			);
			name = Products;
			sourceTree = "<group>";
		};
/* End PBXGroup section */

/* Begin PBXNativeTarget section */
		680F40422DEBFE8A009F6517 /* EndgameGlobalChallenge */ = {
			isa = PBXNativeTarget;
			buildConfigurationList = 680F406C2DEBFE8B009F6517 /* Build configuration list for PBXNativeTarget "EndgameGlobalChallenge" */;
			buildPhases = (
				680F403F2DEBFE8A009F6517 /* Sources */,
				680F40402DEBFE8A009F6517 /* Frameworks */,
				680F40412DEBFE8A009F6517 /* Resources */,
			);
			buildRules = (
			);
			dependencies = (
			);
			fileSystemSynchronizedGroups = (
				680F40452DEBFE8A009F6517 /* EndgameGlobalChallenge */,
			);
			name = EndgameGlobalChallenge;
			packageProductDependencies = (
			);
			productName = EndgameGlobalChallenge;
			productReference = 680F40432DEBFE8A009F6517 /* EndgameGlobalChallenge.app */;
			productType = "com.apple.product-type.application";
		};
		680F40582DEBFE8B009F6517 /* EndgameGlobalChallengeTests */ = {
			isa = PBXNativeTarget;
			buildConfigurationList = 680F40712DEBFE8B009F6517 /* Build configuration list for PBXNativeTarget "EndgameGlobalChallengeTests" */;
			buildPhases = (
				680F40552DEBFE8B009F6517 /* Sources */,
				680F40562DEBFE8B009F6517 /* Frameworks */,
				680F40572DEBFE8B009F6517 /* Resources */,
			);
			buildRules = (
			);
			dependencies = (
				680F405B2DEBFE8B009F6517 /* PBXTargetDependency */,
			);
			fileSystemSynchronizedGroups = (
				680F405C2DEBFE8B009F6517 /* EndgameGlobalChallengeTests */,
			);
			name = EndgameGlobalChallengeTests;
			packageProductDependencies = (
			);
			productName = EndgameGlobalChallengeTests;
			productReference = 680F40592DEBFE8B009F6517 /* EndgameGlobalChallengeTests.xctest */;
			productType = "com.apple.product-type.bundle.unit-test";
		};
		680F40622DEBFE8B009F6517 /* EndgameGlobalChallengeUITests */ = {
			isa = PBXNativeTarget;
			buildConfigurationList = 680F40742DEBFE8B009F6517 /* Build configuration list for PBXNativeTarget "EndgameGlobalChallengeUITests" */;
			buildPhases = (
				680F405F2DEBFE8B009F6517 /* Sources */,
				680F40602DEBFE8B009F6517 /* Frameworks */,
				680F40612DEBFE8B009F6517 /* Resources */,
			);
			buildRules = (
			);
			dependencies = (
				680F40652DEBFE8B009F6517 /* PBXTargetDependency */,
			);
			fileSystemSynchronizedGroups = (
				680F40662DEBFE8B009F6517 /* EndgameGlobalChallengeUITests */,
			);
			name = EndgameGlobalChallengeUITests;
			packageProductDependencies = (
			);
			productName = EndgameGlobalChallengeUITests;
			productReference = 680F40632DEBFE8B009F6517 /* EndgameGlobalChallengeUITests.xctest */;
			productType = "com.apple.product-type.bundle.ui-testing";
		};
/* End PBXNativeTarget section */

/* Begin PBXProject section */
		680F403B2DEBFE8A009F6517 /* Project object */ = {
			isa = PBXProject;
			attributes = {
				BuildIndependentTargetsInParallel = 1;
				LastSwiftUpdateCheck = 1630;
				LastUpgradeCheck = 1630;
				TargetAttributes = {
					680F40422DEBFE8A009F6517 = {
						CreatedOnToolsVersion = 16.3;
					};
					680F40582DEBFE8B009F6517 = {
						CreatedOnToolsVersion = 16.3;
						TestTargetID = 680F40422DEBFE8A009F6517;
					};
					680F40622DEBFE8B009F6517 = {
						CreatedOnToolsVersion = 16.3;
						TestTargetID = 680F40422DEBFE8A009F6517;
					};
				};
			};
			buildConfigurationList = 680F403E2DEBFE8A009F6517 /* Build configuration list for PBXProject "EndgameGlobalChallenge" */;
			developmentRegion = en;
			hasScannedForEncodings = 0;
			knownRegions = (
				en,
				Base,
			);
			mainGroup = 680F403A2DEBFE8A009F6517;
			minimizedProjectReferenceProxies = 1;
			preferredProjectObjectVersion = 77;
			productRefGroup = 680F40442DEBFE8A009F6517 /* Products */;
			projectDirPath = "";
			projectRoot = "";
			targets = (
				680F40422DEBFE8A009F6517 /* EndgameGlobalChallenge */,
				680F40582DEBFE8B009F6517 /* EndgameGlobalChallengeTests */,
				680F40622DEBFE8B009F6517 /* EndgameGlobalChallengeUITests */,
			);
		};
/* End PBXProject section */

/* Begin PBXResourcesBuildPhase section */
		680F40412DEBFE8A009F6517 /* Resources */ = {
			isa = PBXResourcesBuildPhase;
			buildActionMask = 2147483647;
			files = (
			);
			runOnlyForDeploymentPostprocessing = 0;
		};
		680F40572DEBFE8B009F6517 /* Resources */ = {
			isa = PBXResourcesBuildPhase;
			buildActionMask = 2147483647;
			files = (
			);
			runOnlyForDeploymentPostprocessing = 0;
		};
		680F40612DEBFE8B009F6517 /* Resources */ = {
			isa = PBXResourcesBuildPhase;
			buildActionMask = 2147483647;
			files = (
			);
			runOnlyForDeploymentPostprocessing = 0;
		};
/* End PBXResourcesBuildPhase section */

/* Begin PBXSourcesBuildPhase section */
		680F403F2DEBFE8A009F6517 /* Sources */ = {
			isa = PBXSourcesBuildPhase;
			buildActionMask = 2147483647;
			files = (
			);
			runOnlyForDeploymentPostprocessing = 0;
		};
		680F40552DEBFE8B009F6517 /* Sources */ = {
			isa = PBXSourcesBuildPhase;
			buildActionMask = 2147483647;
			files = (
			);
			runOnlyForDeploymentPostprocessing = 0;
		};
		680F405F2DEBFE8B009F6517 /* Sources */ = {
			isa = PBXSourcesBuildPhase;
			buildActionMask = 2147483647;
			files = (
			);
			runOnlyForDeploymentPostprocessing = 0;
		};
/* End PBXSourcesBuildPhase section */

/* Begin PBXTargetDependency section */
		680F405B2DEBFE8B009F6517 /* PBXTargetDependency */ = {
			isa = PBXTargetDependency;
			target = 680F40422DEBFE8A009F6517 /* EndgameGlobalChallenge */;
			targetProxy = 680F405A2DEBFE8B009F6517 /* PBXContainerItemProxy */;
		};
		680F40652DEBFE8B009F6517 /* PBXTargetDependency */ = {
			isa = PBXTargetDependency;
			target = 680F40422DEBFE8A009F6517 /* EndgameGlobalChallenge */;
			targetProxy = 680F40642DEBFE8B009F6517 /* PBXContainerItemProxy */;
		};
/* End PBXTargetDependency section */

/* Begin XCBuildConfiguration section */
		680F406D2DEBFE8B009F6517 /* Debug */ = {
			isa = XCBuildConfiguration;
			buildSettings = {
				ASSETCATALOG_COMPILER_APPICON_NAME = AppIcon;
				ASSETCATALOG_COMPILER_GLOBAL_ACCENT_COLOR_NAME = AccentColor;
				CODE_SIGN_STYLE = Automatic;
				CURRENT_PROJECT_VERSION = 1;
				DEVELOPMENT_TEAM = H6L3PMG7KX;
				GENERATE_INFOPLIST_FILE = YES;
				INFOPLIST_FILE = EndgameGlobalChallenge/Info.plist;
				INFOPLIST_KEY_UIApplicationSupportsIndirectInputEvents = YES;
				INFOPLIST_KEY_UILaunchStoryboardName = LaunchScreen;
				INFOPLIST_KEY_UIMainStoryboardFile = Main;
				INFOPLIST_KEY_UISupportedInterfaceOrientations_iPad = "UIInterfaceOrientationPortrait UIInterfaceOrientationPortraitUpsideDown UIInterfaceOrientationLandscapeLeft UIInterfaceOrientationLandscapeRight";
				INFOPLIST_KEY_UISupportedInterfaceOrientations_iPhone = "UIInterfaceOrientationPortrait UIInterfaceOrientationLandscapeLeft UIInterfaceOrientationLandscapeRight";
				IPHONEOS_DEPLOYMENT_TARGET = 15.0;
				LD_RUNPATH_SEARCH_PATHS = (
					"$(inherited)",
					"@executable_path/Frameworks",
				);
				MARKETING_VERSION = 1.0;
				PRODUCT_BUNDLE_IDENTIFIER = com.andersontjdev.EndgameGlobalChallenge;
				PRODUCT_NAME = "$(TARGET_NAME)";
				SWIFT_EMIT_LOC_STRINGS = YES;
				SWIFT_VERSION = 5.0;
				TARGETED_DEVICE_FAMILY = "1,2";
			};
			name = Debug;
		};
		680F406E2DEBFE8B009F6517 /* Release */ = {
			isa = XCBuildConfiguration;
			buildSettings = {
				ASSETCATALOG_COMPILER_APPICON_NAME = AppIcon;
				ASSETCATALOG_COMPILER_GLOBAL_ACCENT_COLOR_NAME = AccentColor;
				CODE_SIGN_STYLE = Automatic;
				CURRENT_PROJECT_VERSION = 1;
				DEVELOPMENT_TEAM = H6L3PMG7KX;
				GENERATE_INFOPLIST_FILE = YES;
				INFOPLIST_FILE = EndgameGlobalChallenge/Info.plist;
				INFOPLIST_KEY_UIApplicationSupportsIndirectInputEvents = YES;
				INFOPLIST_KEY_UILaunchStoryboardName = LaunchScreen;
				INFOPLIST_KEY_UIMainStoryboardFile = Main;
				INFOPLIST_KEY_UISupportedInterfaceOrientations_iPad = "UIInterfaceOrientationPortrait UIInterfaceOrientationPortraitUpsideDown UIInterfaceOrientationLandscapeLeft UIInterfaceOrientationLandscapeRight";
				INFOPLIST_KEY_UISupportedInterfaceOrientations_iPhone = "UIInterfaceOrientationPortrait UIInterfaceOrientationLandscapeLeft UIInterfaceOrientationLandscapeRight";
				IPHONEOS_DEPLOYMENT_TARGET = 15.0;
				LD_RUNPATH_SEARCH_PATHS = (
					"$(inherited)",
					"@executable_path/Frameworks",
				);
				MARKETING_VERSION = 1.0;
				PRODUCT_BUNDLE_IDENTIFIER = com.andersontjdev.EndgameGlobalChallenge;
				PRODUCT_NAME = "$(TARGET_NAME)";
				SWIFT_EMIT_LOC_STRINGS = YES;
				SWIFT_VERSION = 5.0;
				TARGETED_DEVICE_FAMILY = "1,2";
			};
			name = Release;
		};
		680F406F2DEBFE8B009F6517 /* Debug */ = {
			isa = XCBuildConfiguration;
			buildSettings = {
				ALWAYS_SEARCH_USER_PATHS = NO;
				ASSETCATALOG_COMPILER_GENERATE_SWIFT_ASSET_SYMBOL_EXTENSIONS = YES;
				CLANG_ANALYZER_NONNULL = YES;
				CLANG_ANALYZER_NUMBER_OBJECT_CONVERSION = YES_AGGRESSIVE;
				CLANG_CXX_LANGUAGE_STANDARD = "gnu++20";
				CLANG_ENABLE_MODULES = YES;
				CLANG_ENABLE_OBJC_ARC = YES;
				CLANG_ENABLE_OBJC_WEAK = YES;
				CLANG_WARN_BLOCK_CAPTURE_AUTORELEASING = YES;
				CLANG_WARN_BOOL_CONVERSION = YES;
				CLANG_WARN_COMMA = YES;
				CLANG_WARN_CONSTANT_CONVERSION = YES;
				CLANG_WARN_DEPRECATED_OBJC_IMPLEMENTATIONS = YES;
				CLANG_WARN_DIRECT_OBJC_ISA_USAGE = YES_ERROR;
				CLANG_WARN_DOCUMENTATION_COMMENTS = YES;
				CLANG_WARN_EMPTY_BODY = YES;
				CLANG_WARN_ENUM_CONVERSION = YES;
				CLANG_WARN_INFINITE_RECURSION = YES;
				CLANG_WARN_INT_CONVERSION = YES;
				CLANG_WARN_NON_LITERAL_NULL_CONVERSION = YES;
				CLANG_WARN_OBJC_IMPLICIT_RETAIN_SELF = YES;
				CLANG_WARN_OBJC_LITERAL_CONVERSION = YES;
				CLANG_WARN_OBJC_ROOT_CLASS = YES_ERROR;
				CLANG_WARN_QUOTED_INCLUDE_IN_FRAMEWORK_HEADER = YES;
				CLANG_WARN_RANGE_LOOP_ANALYSIS = YES;
				CLANG_WARN_STRICT_PROTOTYPES = YES;
				CLANG_WARN_SUSPICIOUS_MOVE = YES;
				CLANG_WARN_UNGUARDED_AVAILABILITY = YES_AGGRESSIVE;
				CLANG_WARN_UNREACHABLE_CODE = YES;
				CLANG_WARN__DUPLICATE_METHOD_MATCH = YES;
				COPY_PHASE_STRIP = NO;
				DEBUG_INFORMATION_FORMAT = dwarf;
				DEVELOPMENT_TEAM = H6L3PMG7KX;
				ENABLE_STRICT_OBJC_MSGSEND = YES;
				ENABLE_TESTABILITY = YES;
				ENABLE_USER_SCRIPT_SANDBOXING = YES;
				GCC_C_LANGUAGE_STANDARD = gnu17;
				GCC_DYNAMIC_NO_PIC = NO;
				GCC_NO_COMMON_BLOCKS = YES;
				GCC_OPTIMIZATION_LEVEL = 0;
				GCC_PREPROCESSOR_DEFINITIONS = (
					"DEBUG=1",
					"$(inherited)",
				);
				GCC_WARN_64_TO_32_BIT_CONVERSION = YES;
				GCC_WARN_ABOUT_RETURN_TYPE = YES_ERROR;
				GCC_WARN_UNDECLARED_SELECTOR = YES;
				GCC_WARN_UNINITIALIZED_AUTOS = YES_AGGRESSIVE;
				GCC_WARN_UNUSED_FUNCTION = YES;
				GCC_WARN_UNUSED_VARIABLE = YES;
				IPHONEOS_DEPLOYMENT_TARGET = 18.4;
				LOCALIZATION_PREFERS_STRING_CATALOGS = YES;
				MTL_ENABLE_DEBUG_INFO = INCLUDE_SOURCE;
				MTL_FAST_MATH = YES;
				ONLY_ACTIVE_ARCH = YES;
				SDKROOT = iphoneos;
				SWIFT_ACTIVE_COMPILATION_CONDITIONS = "DEBUG $(inherited)";
				SWIFT_OPTIMIZATION_LEVEL = "-Onone";
			};
			name = Debug;
		};
		680F40702DEBFE8B009F6517 /* Release */ = {
			isa = XCBuildConfiguration;
			buildSettings = {
				ALWAYS_SEARCH_USER_PATHS = NO;
				ASSETCATALOG_COMPILER_GENERATE_SWIFT_ASSET_SYMBOL_EXTENSIONS = YES;
				CLANG_ANALYZER_NONNULL = YES;
				CLANG_ANALYZER_NUMBER_OBJECT_CONVERSION = YES_AGGRESSIVE;
				CLANG_CXX_LANGUAGE_STANDARD = "gnu++20";
				CLANG_ENABLE_MODULES = YES;
				CLANG_ENABLE_OBJC_ARC = YES;
				CLANG_ENABLE_OBJC_WEAK = YES;
				CLANG_WARN_BLOCK_CAPTURE_AUTORELEASING = YES;
				CLANG_WARN_BOOL_CONVERSION = YES;
				CLANG_WARN_COMMA = YES;
				CLANG_WARN_CONSTANT_CONVERSION = YES;
				CLANG_WARN_DEPRECATED_OBJC_IMPLEMENTATIONS = YES;
				CLANG_WARN_DIRECT_OBJC_ISA_USAGE = YES_ERROR;
				CLANG_WARN_DOCUMENTATION_COMMENTS = YES;
				CLANG_WARN_EMPTY_BODY = YES;
				CLANG_WARN_ENUM_CONVERSION = YES;
				CLANG_WARN_INFINITE_RECURSION = YES;
				CLANG_WARN_INT_CONVERSION = YES;
				CLANG_WARN_NON_LITERAL_NULL_CONVERSION = YES;
				CLANG_WARN_OBJC_IMPLICIT_RETAIN_SELF = YES;
				CLANG_WARN_OBJC_LITERAL_CONVERSION = YES;
				CLANG_WARN_OBJC_ROOT_CLASS = YES_ERROR;
				CLANG_WARN_QUOTED_INCLUDE_IN_FRAMEWORK_HEADER = YES;
				CLANG_WARN_RANGE_LOOP_ANALYSIS = YES;
				CLANG_WARN_STRICT_PROTOTYPES = YES;
				CLANG_WARN_SUSPICIOUS_MOVE = YES;
				CLANG_WARN_UNGUARDED_AVAILABILITY = YES_AGGRESSIVE;
				CLANG_WARN_UNREACHABLE_CODE = YES;
				CLANG_WARN__DUPLICATE_METHOD_MATCH = YES;
				COPY_PHASE_STRIP = NO;
				DEBUG_INFORMATION_FORMAT = "dwarf-with-dsym";
				DEVELOPMENT_TEAM = H6L3PMG7KX;
				ENABLE_NS_ASSERTIONS = NO;
				ENABLE_STRICT_OBJC_MSGSEND = YES;
				ENABLE_USER_SCRIPT_SANDBOXING = YES;
				GCC_C_LANGUAGE_STANDARD = gnu17;
				GCC_NO_COMMON_BLOCKS = YES;
				GCC_WARN_64_TO_32_BIT_CONVERSION = YES;
				GCC_WARN_ABOUT_RETURN_TYPE = YES_ERROR;
				GCC_WARN_UNDECLARED_SELECTOR = YES;
				GCC_WARN_UNINITIALIZED_AUTOS = YES_AGGRESSIVE;
				GCC_WARN_UNUSED_FUNCTION = YES;
				GCC_WARN_UNUSED_VARIABLE = YES;
				IPHONEOS_DEPLOYMENT_TARGET = 18.4;
				LOCALIZATION_PREFERS_STRING_CATALOGS = YES;
				MTL_ENABLE_DEBUG_INFO = NO;
				MTL_FAST_MATH = YES;
				SDKROOT = iphoneos;
				SWIFT_COMPILATION_MODE = wholemodule;
				VALIDATE_PRODUCT = YES;
			};
			name = Release;
		};
		680F40722DEBFE8B009F6517 /* Debug */ = {
			isa = XCBuildConfiguration;
			buildSettings = {
				BUNDLE_LOADER = "$(TEST_HOST)";
				CODE_SIGN_STYLE = Automatic;
				CURRENT_PROJECT_VERSION = 1;
				DEVELOPMENT_TEAM = H6L3PMG7KX;
				GENERATE_INFOPLIST_FILE = YES;
				IPHONEOS_DEPLOYMENT_TARGET = 18.4;
				MARKETING_VERSION = 1.0;
				PRODUCT_BUNDLE_IDENTIFIER = com.andersontjdev.EndgameGlobalChallengeTests;
				PRODUCT_NAME = "$(TARGET_NAME)";
				SWIFT_EMIT_LOC_STRINGS = NO;
				SWIFT_VERSION = 5.0;
				TARGETED_DEVICE_FAMILY = "1,2";
				TEST_HOST = "$(BUILT_PRODUCTS_DIR)/EndgameGlobalChallenge.app/$(BUNDLE_EXECUTABLE_FOLDER_PATH)/EndgameGlobalChallenge";
			};
			name = Debug;
		};
		680F40732DEBFE8B009F6517 /* Release */ = {
			isa = XCBuildConfiguration;
			buildSettings = {
				BUNDLE_LOADER = "$(TEST_HOST)";
				CODE_SIGN_STYLE = Automatic;
				CURRENT_PROJECT_VERSION = 1;
				DEVELOPMENT_TEAM = H6L3PMG7KX;
				GENERATE_INFOPLIST_FILE = YES;
				IPHONEOS_DEPLOYMENT_TARGET = 18.4;
				MARKETING_VERSION = 1.0;
				PRODUCT_BUNDLE_IDENTIFIER = com.andersontjdev.EndgameGlobalChallengeTests;
				PRODUCT_NAME = "$(TARGET_NAME)";
				SWIFT_EMIT_LOC_STRINGS = NO;
				SWIFT_VERSION = 5.0;
				TARGETED_DEVICE_FAMILY = "1,2";
				TEST_HOST = "$(BUILT_PRODUCTS_DIR)/EndgameGlobalChallenge.app/$(BUNDLE_EXECUTABLE_FOLDER_PATH)/EndgameGlobalChallenge";
			};
			name = Release;
		};
		680F40752DEBFE8B009F6517 /* Debug */ = {
			isa = XCBuildConfiguration;
			buildSettings = {
				CODE_SIGN_STYLE = Automatic;
				CURRENT_PROJECT_VERSION = 1;
				DEVELOPMENT_TEAM = H6L3PMG7KX;
				GENERATE_INFOPLIST_FILE = YES;
				MARKETING_VERSION = 1.0;
				PRODUCT_BUNDLE_IDENTIFIER = com.andersontjdev.EndgameGlobalChallengeUITests;
				PRODUCT_NAME = "$(TARGET_NAME)";
				SWIFT_EMIT_LOC_STRINGS = NO;
				SWIFT_VERSION = 5.0;
				TARGETED_DEVICE_FAMILY = "1,2";
				TEST_TARGET_NAME = EndgameGlobalChallenge;
			};
			name = Debug;
		};
		680F40762DEBFE8B009F6517 /* Release */ = {
			isa = XCBuildConfiguration;
			buildSettings = {
				CODE_SIGN_STYLE = Automatic;
				CURRENT_PROJECT_VERSION = 1;
				DEVELOPMENT_TEAM = H6L3PMG7KX;
				GENERATE_INFOPLIST_FILE = YES;
				MARKETING_VERSION = 1.0;
				PRODUCT_BUNDLE_IDENTIFIER = com.andersontjdev.EndgameGlobalChallengeUITests;
				PRODUCT_NAME = "$(TARGET_NAME)";
				SWIFT_EMIT_LOC_STRINGS = NO;
				SWIFT_VERSION = 5.0;
				TARGETED_DEVICE_FAMILY = "1,2";
				TEST_TARGET_NAME = EndgameGlobalChallenge;
			};
			name = Release;
		};
/* End XCBuildConfiguration section */

/* Begin XCConfigurationList section */
		680F403E2DEBFE8A009F6517 /* Build configuration list for PBXProject "EndgameGlobalChallenge" */ = {
			isa = XCConfigurationList;
			buildConfigurations = (
				680F406F2DEBFE8B009F6517 /* Debug */,
				680F40702DEBFE8B009F6517 /* Release */,
			);
			defaultConfigurationIsVisible = 0;
			defaultConfigurationName = Release;
		};
		680F406C2DEBFE8B009F6517 /* Build configuration list for PBXNativeTarget "EndgameGlobalChallenge" */ = {
			isa = XCConfigurationList;
			buildConfigurations = (
				680F406D2DEBFE8B009F6517 /* Debug */,
				680F406E2DEBFE8B009F6517 /* Release */,
			);
			defaultConfigurationIsVisible = 0;
			defaultConfigurationName = Release;
		};
		680F40712DEBFE8B009F6517 /* Build configuration list for PBXNativeTarget "EndgameGlobalChallengeTests" */ = {
			isa = XCConfigurationList;
			buildConfigurations = (
				680F40722DEBFE8B009F6517 /* Debug */,
				680F40732DEBFE8B009F6517 /* Release */,
			);
			defaultConfigurationIsVisible = 0;
			defaultConfigurationName = Release;
		};
		680F40742DEBFE8B009F6517 /* Build configuration list for PBXNativeTarget "EndgameGlobalChallengeUITests" */ = {
			isa = XCConfigurationList;
			buildConfigurations = (
				680F40752DEBFE8B009F6517 /* Debug */,
				680F40762DEBFE8B009F6517 /* Release */,
			);
			defaultConfigurationIsVisible = 0;
			defaultConfigurationName = Release;
		};
/* End XCConfigurationList section */
	};
	rootObject = 680F403B2DEBFE8A009F6517 /* Project object */;
}
